
Microsoft Visual Studio Solution File, Format Version 12.00
# Visual Studio Version 16
VisualStudioVersion = 16.0.29020.237
MinimumVisualStudioVersion = 10.0.40219.1
Project("{9A19103F-16F7-4668-BE54-9A1E7A4F7556}") = "AndreFischbacherApp", "AndreFischbacherApp\AndreFischbacherApp.csproj", "{7E441C32-7E62-4A56-A550-8103AB2FB031}"
EndProject
Project("{9A19103F-16F7-4668-BE54-9A1E7A4F7556}") = "AndreFischbacherApp.Functions", "AppFunctions\AndreFischbacherApp.Functions.csproj", "{976EBA20-EBFC-4685-9692-53B50EACF76F}"
EndProject
Project("{9A19103F-16F7-4668-BE54-9A1E7A4F7556}") = "AndreFischbacherApp.DataContext", "AndreFischbacherApp.Repositories\AndreFischbacherApp.DataContext.csproj", "{BC12377D-3205-4221-BD7B-ABB69203C39B}"
EndProject
Global
	GlobalSection(SolutionConfigurationPlatforms) = preSolution
		Debug|Any CPU = Debug|Any CPU
		Release|Any CPU = Release|Any CPU
	EndGlobalSection
	GlobalSection(ProjectConfigurationPlatforms) = postSolution
		{7E441C32-7E62-4A56-A550-8103AB2FB031}.Debug|Any CPU.ActiveCfg = Debug|Any CPU
		{7E441C32-7E62-4A56-A550-8103AB2FB031}.Debug|Any CPU.Build.0 = Debug|Any CPU
		{7E441C32-7E62-4A56-A550-8103AB2FB031}.Release|Any CPU.ActiveCfg = Release|Any CPU
		{7E441C32-7E62-4A56-A550-8103AB2FB031}.Release|Any CPU.Build.0 = Release|Any CPU
		{976EBA20-EBFC-4685-9692-53B50EACF76F}.Debug|Any CPU.ActiveCfg = Debug|Any CPU
		{976EBA20-EBFC-4685-9692-53B50EACF76F}.Debug|Any CPU.Build.0 = Debug|Any CPU
		{976EBA20-EBFC-4685-9692-53B50EACF76F}.Release|Any CPU.ActiveCfg = Release|Any CPU
		{976EBA20-EBFC-4685-9692-53B50EACF76F}.Release|Any CPU.Build.0 = Release|Any CPU
		{BC12377D-3205-4221-BD7B-ABB69203C39B}.Debug|Any CPU.ActiveCfg = Debug|Any CPU
		{BC12377D-3205-4221-BD7B-ABB69203C39B}.Debug|Any CPU.Build.0 = Debug|Any CPU
		{BC12377D-3205-4221-BD7B-ABB69203C39B}.Release|Any CPU.ActiveCfg = Release|Any CPU
		{BC12377D-3205-4221-BD7B-ABB69203C39B}.Release|Any CPU.Build.0 = Release|Any CPU
	EndGlobalSection
	GlobalSection(SolutionProperties) = preSolution
		HideSolutionNode = FALSE
	EndGlobalSection
	GlobalSection(ExtensibilityGlobals) = postSolution
		SolutionGuid = {8D751861-2F6B-41D2-A190-E3AB8543E46B}
	EndGlobalSection
EndGlobal
